
Microsoft Visual Studio Solution File, Format Version 12.00
# Visual Studio Version 16
VisualStudioVersion = 16.0.29709.97
MinimumVisualStudioVersion = 10.0.40219.1
Project("{9A19103F-16F7-4668-BE54-9A1E7A4F7556}") = "CSC1451-TaskWorker", "CSC1451-TaskWorker\CSC1451-TaskWorker.csproj", "{BAC2FADD-9D40-4243-97A0-7A3AD3C57302}"
EndProject
Project("{9A19103F-16F7-4668-BE54-9A1E7A4F7556}") = "Domain", "Domain\Domain.csproj", "{D75C0D77-4F99-4284-87F4-A0AAF1210745}"
EndProject
Project("{FAE04EC0-301F-11D3-BF4B-00C04F79EFBC}") = "UnitTests", "UnitTests\UnitTests.csproj", "{DBFF82EC-EEB2-4100-AA8A-DAF87187CCC1}"
EndProject
Global
	GlobalSection(SolutionConfigurationPlatforms) = preSolution
		Debug|Any CPU = Debug|Any CPU
		Release|Any CPU = Release|Any CPU
	EndGlobalSection
	GlobalSection(ProjectConfigurationPlatforms) = postSolution
		{BAC2FADD-9D40-4243-97A0-7A3AD3C57302}.Debug|Any CPU.ActiveCfg = Debug|Any CPU
		{BAC2FADD-9D40-4243-97A0-7A3AD3C57302}.Debug|Any CPU.Build.0 = Debug|Any CPU
		{BAC2FADD-9D40-4243-97A0-7A3AD3C57302}.Release|Any CPU.ActiveCfg = Release|Any CPU
		{BAC2FADD-9D40-4243-97A0-7A3AD3C57302}.Release|Any CPU.Build.0 = Release|Any CPU
		{D75C0D77-4F99-4284-87F4-A0AAF1210745}.Debug|Any CPU.ActiveCfg = Debug|Any CPU
		{D75C0D77-4F99-4284-87F4-A0AAF1210745}.Debug|Any CPU.Build.0 = Debug|Any CPU
		{D75C0D77-4F99-4284-87F4-A0AAF1210745}.Release|Any CPU.ActiveCfg = Release|Any CPU
		{D75C0D77-4F99-4284-87F4-A0AAF1210745}.Release|Any CPU.Build.0 = Release|Any CPU
		{DBFF82EC-EEB2-4100-AA8A-DAF87187CCC1}.Debug|Any CPU.ActiveCfg = Debug|Any CPU
		{DBFF82EC-EEB2-4100-AA8A-DAF87187CCC1}.Debug|Any CPU.Build.0 = Debug|Any CPU
		{DBFF82EC-EEB2-4100-AA8A-DAF87187CCC1}.Release|Any CPU.ActiveCfg = Release|Any CPU
		{DBFF82EC-EEB2-4100-AA8A-DAF87187CCC1}.Release|Any CPU.Build.0 = Release|Any CPU
	EndGlobalSection
	GlobalSection(SolutionProperties) = preSolution
		HideSolutionNode = FALSE
	EndGlobalSection
	GlobalSection(ExtensibilityGlobals) = postSolution
		SolutionGuid = {1DDF1FF5-E014-49CD-9729-C8E2328F6BC4}
	EndGlobalSection
EndGlobal
